{
  "name": "@harshadk/vessel-common",
  "version": "1.0.2",
  "lockfileVersion": 3,
  "requires": true,
  "packages": {
    "": {
      "name": "@harshadk/vessel-common",
      "version": "1.0.2",
      "license": "ISC",
      "dependencies": {
        "@harshadk/vessel-common": "^1.0.2",
        "zod": "^3.23.8"
      }
    },
    "node_modules/@harshadk/vessel-common": {
      "version": "1.0.1",
      "resolved": "https://registry.npmjs.org/@harshadk/vessel-common/-/vessel-common-1.0.1.tgz",
      "integrity": "sha512-yEvOECutl0GrdBl3f4kHWyuiyk09HNByBUuVSMPmFKZXj6LEK8gZKWOPJWD7Fo+4Uu+MW7LEbye1vvHPobkrOQ==",
      "license": "ISC",
      "dependencies": {
        "zod": "^3.23.8"
      }
    },
    "node_modules/zod": {
      "version": "3.23.8",
      "resolved": "https://registry.npmjs.org/zod/-/zod-3.23.8.tgz",
      "integrity": "sha512-XBx9AXhXktjUqnepgTiE5flcKIYWi/rme0Eaj+5Y0lftuGBq+jyRu/md4WnuxqgP1ubdpNCsYEYPxrzVHD8d6g==",
      "license": "MIT",
      "funding": {
        "url": "https://github.com/sponsors/colinhacks"
      }
    }
  }
}
